
Microsoft Visual Studio Solution File, Format Version 12.00
# Visual Studio Version 17
VisualStudioVersion = 17.6.33815.320
MinimumVisualStudioVersion = 10.0.40219.1
Project("{FAE04EC0-301F-11D3-BF4B-00C04F79EFBC}") = "QM", "QM\QM.csproj", "{1A090FCD-C70B-43D5-B99C-A28A2971BC88}"
EndProject
Global
	GlobalSection(SolutionConfigurationPlatforms) = preSolution
		Debug|Any CPU = Debug|Any CPU
		Release|Any CPU = Release|Any CPU
	EndGlobalSection
	GlobalSection(ProjectConfigurationPlatforms) = postSolution
		{1A090FCD-C70B-43D5-B99C-A28A2971BC88}.Debug|Any CPU.ActiveCfg = Debug|Any CPU
		{1A090FCD-C70B-43D5-B99C-A28A2971BC88}.Debug|Any CPU.Build.0 = Debug|Any CPU
		{1A090FCD-C70B-43D5-B99C-A28A2971BC88}.Release|Any CPU.ActiveCfg = Release|Any CPU
		{1A090FCD-C70B-43D5-B99C-A28A2971BC88}.Release|Any CPU.Build.0 = Release|Any CPU
	EndGlobalSection
	GlobalSection(SolutionProperties) = preSolution
		HideSolutionNode = FALSE
	EndGlobalSection
	GlobalSection(ExtensibilityGlobals) = postSolution
		SolutionGuid = {B44CF27D-92A6-4306-930A-8A2F8D47DFFB}
	EndGlobalSection
EndGlobal
